dependencies:
  esp-idf-lib/dht:
    component_hash: a0a1b26519566809041bc8fccf754e3ee9b25f73b0decbdc51bfd16143dedd66
    dependencies:
    - name: esp-idf-lib/esp_idf_lib_helpers
      registry_url: https://components.espressif.com
      require: private
      version: '*'
    source:
      registry_url: https://components.espressif.com/
      type: service
    targets:
    - esp32
    - esp32c2
    - esp32c3
    - esp32c5
    - esp32c6
    - esp32c61
    - esp32h2
    - esp32p4
    - esp32s2
    - esp32s3
    version: 1.2.0
  esp-idf-lib/esp_idf_lib_helpers:
    component_hash: 689853bb8993434f9556af0f2816e808bf77b5d22100144b21f3519993daf237
    dependencies: []
    source:
      registry_url: https://components.espressif.com
      type: service
    targets:
    - esp32
    - esp32c2
    - esp32c3
    - esp32c5
    - esp32c6
    - esp32c61
    - esp32h2
    - esp32p4
    - esp32s2
    - esp32s3
    version: 1.4.0
  espressif/cjson:
    component_hash: e788323270d90738662d66fffa910bfe1fba019bba087f01557e70c40485b469
    dependencies:
    - name: idf
      require: private
      version: '>=5.0'
    source:
      registry_url: https://components.espressif.com/
      type: service
    version: 1.7.19~2
  espressif/esp_lcd_nt35510:
    component_hash: 424a03a45f190d96574f36f219021d9ffa1f4030913fd0bb51f197a47a182a03
    dependencies:
    - name: idf
      require: private
      version: '>=5.3'
    source:
      registry_url: https://components.espressif.com/
      type: service
    version: 1.0.0
  idf:
    source:
      type: idf
    version: 6.0.2
direct_dependencies:
- esp-idf-lib/dht
- espressif/cjson
- espressif/esp_lcd_nt35510
manifest_hash: 98bc89aefd6d0ac5d297e40fb9221c4c0bd54142cef60ac41f6394ab6320bfc0
target: esp32s3
version: 3.0.0
